
Microsoft Visual Studio Solution File, Format Version 12.00
# Visual Studio Version 17
VisualStudioVersion = 17.3.32901.215
MinimumVisualStudioVersion = 10.0.40219.1
Project("{FAE04EC0-301F-11D3-BF4B-00C04F79EFBC}") = "ByteBank_Adm", "ByteBank_Adm\ByteBank_Adm.csproj", "{E48DB8D9-DA2F-47DF-9B06-0A9041B46EA5}"
EndProject
Global
	GlobalSection(SolutionConfigurationPlatforms) = preSolution
		Debug|Any CPU = Debug|Any CPU
		Release|Any CPU = Release|Any CPU
	EndGlobalSection
	GlobalSection(ProjectConfigurationPlatforms) = postSolution
		{E48DB8D9-DA2F-47DF-9B06-0A9041B46EA5}.Debug|Any CPU.ActiveCfg = Debug|Any CPU
		{E48DB8D9-DA2F-47DF-9B06-0A9041B46EA5}.Debug|Any CPU.Build.0 = Debug|Any CPU
		{E48DB8D9-DA2F-47DF-9B06-0A9041B46EA5}.Release|Any CPU.ActiveCfg = Release|Any CPU
		{E48DB8D9-DA2F-47DF-9B06-0A9041B46EA5}.Release|Any CPU.Build.0 = Release|Any CPU
	EndGlobalSection
	GlobalSection(SolutionProperties) = preSolution
		HideSolutionNode = FALSE
	EndGlobalSection
	GlobalSection(ExtensibilityGlobals) = postSolution
		SolutionGuid = {2FFD2939-4A4A-4FCD-A5E7-4D170D581552}
	EndGlobalSection
EndGlobal
